{
    "_readme": [
        "This file locks the dependencies of your project to a known state",
        "Read more about it at https://getcomposer.org/doc/01-basic-usage.md#installing-dependencies",
        "This file is @generated automatically"
    ],
    "content-hash": "1ba534685c5e65fe280045e35f9bdeb3",
    "packages": [
        {
            "name": "donatello-za/rake-php-plus",
            "version": "v1.0.18",
            "source": {
                "type": "git",
                "url": "https://github.com/Donatello-za/rake-php-plus.git",
                "reference": "e9e9c0862b3dc953d288e8f42c76e4ceaeca0619"
            },
            "dist": {
                "type": "zip",
                "url": "https://api.github.com/repos/Donatello-za/rake-php-plus/zipball/e9e9c0862b3dc953d288e8f42c76e4ceaeca0619",
                "reference": "e9e9c0862b3dc953d288e8f42c76e4ceaeca0619",
                "shasum": ""
            },
            "require": {
                "ext-json": "*",
                "ext-mbstring": "*",
                "php": ">=5.4.0"
            },
            "require-dev": {
                "php": ">=5.5.0",
                "phpunit/phpunit": "~4.0|~5.0"
            },
            "type": "library",
            "extra": {
                "branch-alias": {
                    "dev-master": "1.0.13-dev"
                }
            },
            "autoload": {
                "psr-4": {
                    "DonatelloZa\\RakePlus\\": "src/"
                }
            },
            "notification-url": "https://packagist.org/downloads/",
            "license": [
                "MIT"
            ],
            "authors": [
                {
                    "name": "Don Schoeman",
                    "email": "ta.maximus@gmail.com"
                }
            ],
            "description": "Yet another PHP implementation of the Rapid Automatic Keyword Extraction algorithm (RAKE).",
            "homepage": "https://github.com/Donatello-za/rake-php-plus",
            "keywords": [
                "Algorithm",
                "automatic",
                "extraction",
                "keyword",
                "rake",
                "rapid"
            ],
            "support": {
                "issues": "https://github.com/Donatello-za/rake-php-plus/issues",
                "source": "https://github.com/Donatello-za/rake-php-plus"
            },
            "time": "2022-02-23T18:42:03+00:00"
        }
    ],
    "packages-dev": [],
    "aliases": [],
    "minimum-stability": "stable",
    "stability-flags": [],
    "prefer-stable": false,
    "prefer-lowest": false,
    "platform": [],
    "platform-dev": [],
    "plugin-api-version": "2.3.0"
}
